
Microsoft Visual Studio Solution File, Format Version 12.00
# Visual Studio Version 16
VisualStudioVersion = 16.0.34114.132
MinimumVisualStudioVersion = 10.0.40219.1
Project("{888888A0-9F3D-457C-B088-3A5042F75D52}") = "Lists for project", "Lists for project\Lists for project.pyproj", "{8FB355A3-D826-42E6-9742-7E6C07161B90}"
EndProject
Global
	GlobalSection(SolutionConfigurationPlatforms) = preSolution
		Debug|Any CPU = Debug|Any CPU
		Release|Any CPU = Release|Any CPU
	EndGlobalSection
	GlobalSection(ProjectConfigurationPlatforms) = postSolution
		{8FB355A3-D826-42E6-9742-7E6C07161B90}.Debug|Any CPU.ActiveCfg = Debug|Any CPU
		{8FB355A3-D826-42E6-9742-7E6C07161B90}.Release|Any CPU.ActiveCfg = Release|Any CPU
	EndGlobalSection
	GlobalSection(SolutionProperties) = preSolution
		HideSolutionNode = FALSE
	EndGlobalSection
	GlobalSection(ExtensibilityGlobals) = postSolution
		SolutionGuid = {6A831E23-C501-46C5-B567-E236037E32DA}
	EndGlobalSection
EndGlobal
